
Microsoft Visual Studio Solution File, Format Version 12.00
# Visual Studio Version 17
VisualStudioVersion = 17.0.32126.317
MinimumVisualStudioVersion = 10.0.40219.1
Project("{FAE04EC0-301F-11D3-BF4B-00C04F79EFBC}") = "Tabuada_Nove", "Tabuada_Nove\Tabuada_Nove.csproj", "{0871EA2D-33D5-4DBD-BFDA-7738C16D8577}"
EndProject
Global
	GlobalSection(SolutionConfigurationPlatforms) = preSolution
		Debug|Any CPU = Debug|Any CPU
		Release|Any CPU = Release|Any CPU
	EndGlobalSection
	GlobalSection(ProjectConfigurationPlatforms) = postSolution
		{0871EA2D-33D5-4DBD-BFDA-7738C16D8577}.Debug|Any CPU.ActiveCfg = Debug|Any CPU
		{0871EA2D-33D5-4DBD-BFDA-7738C16D8577}.Debug|Any CPU.Build.0 = Debug|Any CPU
		{0871EA2D-33D5-4DBD-BFDA-7738C16D8577}.Release|Any CPU.ActiveCfg = Release|Any CPU
		{0871EA2D-33D5-4DBD-BFDA-7738C16D8577}.Release|Any CPU.Build.0 = Release|Any CPU
	EndGlobalSection
	GlobalSection(SolutionProperties) = preSolution
		HideSolutionNode = FALSE
	EndGlobalSection
	GlobalSection(ExtensibilityGlobals) = postSolution
		SolutionGuid = {187B5BC3-D905-458E-876E-62CA18F92368}
	EndGlobalSection
EndGlobal
